
Microsoft Visual Studio Solution File, Format Version 11.00
# Visual Studio 2010
Project("{8BC9CEB8-8B4A-11D0-8D11-00A0C91BC942}") = "neuro-bot", "neuro-bot\neuro-bot.vcxproj", "{426E1083-CC26-4AC3-8107-B241D1BC2F46}"
	ProjectSection(ProjectDependencies) = postProject
		{76226D20-1972-4789-A595-EDACC7A76DC3} = {76226D20-1972-4789-A595-EDACC7A76DC3}
	EndProjectSection
EndProject
Project("{8BC9CEB8-8B4A-11D0-8D11-00A0C91BC942}") = "jansson", "..\jansson-2.4\win32\vs2010\jansson.vcxproj", "{76226D20-1972-4789-A595-EDACC7A76DC3}"
EndProject
Global
	GlobalSection(SolutionConfigurationPlatforms) = preSolution
		Debug|Win32 = Debug|Win32
		Release|Win32 = Release|Win32
	EndGlobalSection
	GlobalSection(ProjectConfigurationPlatforms) = postSolution
		{426E1083-CC26-4AC3-8107-B241D1BC2F46}.Debug|Win32.ActiveCfg = Debug|Win32
		{426E1083-CC26-4AC3-8107-B241D1BC2F46}.Debug|Win32.Build.0 = Debug|Win32
		{426E1083-CC26-4AC3-8107-B241D1BC2F46}.Release|Win32.ActiveCfg = Release|Win32
		{426E1083-CC26-4AC3-8107-B241D1BC2F46}.Release|Win32.Build.0 = Release|Win32
		{76226D20-1972-4789-A595-EDACC7A76DC3}.Debug|Win32.ActiveCfg = Debug|Win32
		{76226D20-1972-4789-A595-EDACC7A76DC3}.Debug|Win32.Build.0 = Debug|Win32
		{76226D20-1972-4789-A595-EDACC7A76DC3}.Release|Win32.ActiveCfg = Release|Win32
		{76226D20-1972-4789-A595-EDACC7A76DC3}.Release|Win32.Build.0 = Release|Win32
	EndGlobalSection
	GlobalSection(SolutionProperties) = preSolution
		HideSolutionNode = FALSE
	EndGlobalSection
EndGlobal
