
Microsoft Visual Studio Solution File, Format Version 11.00
# Visual Studio 2010
Project("{8BC9CEB8-8B4A-11D0-8D11-00A0C91BC942}") = "neurobot", "neurobot\neurobot.vcxproj", "{74392ECF-4C8D-4CD8-8AC2-294F38A4DCF2}"
EndProject
Project("{8BC9CEB8-8B4A-11D0-8D11-00A0C91BC942}") = "mod_wiki", "mod_wiki\mod_wiki.vcxproj", "{62EFDD2D-2A2C-4F90-A1CA-AE45585EBC01}"
EndProject
Project("{8BC9CEB8-8B4A-11D0-8D11-00A0C91BC942}") = "mod_title", "mod_title\mod_title.vcxproj", "{FD85673B-DE3E-401E-97EB-45D67129C0A2}"
EndProject
Project("{8BC9CEB8-8B4A-11D0-8D11-00A0C91BC942}") = "mod_youtube", "mod_youtube\mod_youtube.vcxproj", "{C932F633-95FF-4790-BA80-FF67C171088C}"
EndProject
Project("{8BC9CEB8-8B4A-11D0-8D11-00A0C91BC942}") = "mod_time", "mod_time\mod_time.vcxproj", "{D41D224E-FD1C-41C0-A53F-528456F83BA8}"
EndProject
Global
	GlobalSection(SolutionConfigurationPlatforms) = preSolution
		Debug|Win32 = Debug|Win32
		Release|Win32 = Release|Win32
	EndGlobalSection
	GlobalSection(ProjectConfigurationPlatforms) = postSolution
		{74392ECF-4C8D-4CD8-8AC2-294F38A4DCF2}.Debug|Win32.ActiveCfg = Debug|Win32
		{74392ECF-4C8D-4CD8-8AC2-294F38A4DCF2}.Debug|Win32.Build.0 = Debug|Win32
		{74392ECF-4C8D-4CD8-8AC2-294F38A4DCF2}.Release|Win32.ActiveCfg = Release|Win32
		{74392ECF-4C8D-4CD8-8AC2-294F38A4DCF2}.Release|Win32.Build.0 = Release|Win32
		{62EFDD2D-2A2C-4F90-A1CA-AE45585EBC01}.Debug|Win32.ActiveCfg = Debug|Win32
		{62EFDD2D-2A2C-4F90-A1CA-AE45585EBC01}.Debug|Win32.Build.0 = Debug|Win32
		{62EFDD2D-2A2C-4F90-A1CA-AE45585EBC01}.Release|Win32.ActiveCfg = Release|Win32
		{62EFDD2D-2A2C-4F90-A1CA-AE45585EBC01}.Release|Win32.Build.0 = Release|Win32
		{FD85673B-DE3E-401E-97EB-45D67129C0A2}.Debug|Win32.ActiveCfg = Debug|Win32
		{FD85673B-DE3E-401E-97EB-45D67129C0A2}.Debug|Win32.Build.0 = Debug|Win32
		{FD85673B-DE3E-401E-97EB-45D67129C0A2}.Release|Win32.ActiveCfg = Release|Win32
		{FD85673B-DE3E-401E-97EB-45D67129C0A2}.Release|Win32.Build.0 = Release|Win32
		{C932F633-95FF-4790-BA80-FF67C171088C}.Debug|Win32.ActiveCfg = Debug|Win32
		{C932F633-95FF-4790-BA80-FF67C171088C}.Debug|Win32.Build.0 = Debug|Win32
		{C932F633-95FF-4790-BA80-FF67C171088C}.Release|Win32.ActiveCfg = Release|Win32
		{C932F633-95FF-4790-BA80-FF67C171088C}.Release|Win32.Build.0 = Release|Win32
		{D41D224E-FD1C-41C0-A53F-528456F83BA8}.Debug|Win32.ActiveCfg = Debug|Win32
		{D41D224E-FD1C-41C0-A53F-528456F83BA8}.Debug|Win32.Build.0 = Debug|Win32
		{D41D224E-FD1C-41C0-A53F-528456F83BA8}.Release|Win32.ActiveCfg = Release|Win32
		{D41D224E-FD1C-41C0-A53F-528456F83BA8}.Release|Win32.Build.0 = Release|Win32
	EndGlobalSection
	GlobalSection(SolutionProperties) = preSolution
		HideSolutionNode = FALSE
	EndGlobalSection
EndGlobal
